
Microsoft Visual Studio Solution File, Format Version 12.00
# Visual Studio 15
VisualStudioVersion = 15.0.28307.572
MinimumVisualStudioVersion = 10.0.40219.1
Project("{FAE04EC0-301F-11D3-BF4B-00C04F79EFBC}") = "RecognitionType_Prediction", "RecognitionType_Prediction\RecognitionType_Prediction.csproj", "{DBC52F36-4BBA-47CC-B4F9-4820F0E77ED1}"
EndProject
Global
	GlobalSection(SolutionConfigurationPlatforms) = preSolution
		Debug|Any CPU = Debug|Any CPU
		Release|Any CPU = Release|Any CPU
	EndGlobalSection
	GlobalSection(ProjectConfigurationPlatforms) = postSolution
		{DBC52F36-4BBA-47CC-B4F9-4820F0E77ED1}.Debug|Any CPU.ActiveCfg = Debug|Any CPU
		{DBC52F36-4BBA-47CC-B4F9-4820F0E77ED1}.Debug|Any CPU.Build.0 = Debug|Any CPU
		{DBC52F36-4BBA-47CC-B4F9-4820F0E77ED1}.Release|Any CPU.ActiveCfg = Release|Any CPU
		{DBC52F36-4BBA-47CC-B4F9-4820F0E77ED1}.Release|Any CPU.Build.0 = Release|Any CPU
	EndGlobalSection
	GlobalSection(SolutionProperties) = preSolution
		HideSolutionNode = FALSE
	EndGlobalSection
	GlobalSection(ExtensibilityGlobals) = postSolution
		SolutionGuid = {03B52E9D-5EF4-4E94-956C-8FDC900F37C4}
	EndGlobalSection
EndGlobal
